Microsoft Visual Studio Solution File, Format Version 12.00
# Visual Studio Version 17
VisualStudioVersion = 17.5.2.0
MinimumVisualStudioVersion = 10.0.40219.1
Project("{FAE04EC0-301F-11D3-BF4B-00C04F79EFBC}") = "Semester-project-2", "Semester-project-2.csproj", "{983503FC-A851-02A8-8EA5-0F6755BDBFEB}"
EndProject
Global
	GlobalSection(SolutionConfigurationPlatforms) = preSolution
		Debug|Any CPU = Debug|Any CPU
		Release|Any CPU = Release|Any CPU
	EndGlobalSection
	GlobalSection(ProjectConfigurationPlatforms) = postSolution
		{983503FC-A851-02A8-8EA5-0F6755BDBFEB}.Debug|Any CPU.ActiveCfg = Debug|Any CPU
		{983503FC-A851-02A8-8EA5-0F6755BDBFEB}.Debug|Any CPU.Build.0 = Debug|Any CPU
		{983503FC-A851-02A8-8EA5-0F6755BDBFEB}.Release|Any CPU.ActiveCfg = Release|Any CPU
		{983503FC-A851-02A8-8EA5-0F6755BDBFEB}.Release|Any CPU.Build.0 = Release|Any CPU
	EndGlobalSection
	GlobalSection(SolutionProperties) = preSolution
		HideSolutionNode = FALSE
	EndGlobalSection
	GlobalSection(ExtensibilityGlobals) = postSolution
		SolutionGuid = {49B0430B-A1C7-4EE1-8E0D-50383885D996}
	EndGlobalSection
EndGlobal
